PODS:
  - Flutter (1.0.0)
  - flutter_webrtc (1.0.0):
    - Flutter
    - WebRTC-SDK (= 137.7151.02)
  - path_provider_foundation (0.0.1):
    - Flutter
    - FlutterMacOS
  - WebRTC-SDK (137.7151.02)

DEPENDENCIES:
  - Flutter (from `Flutter`)
  - flutter_webrtc (from `.symlinks/plugins/flutter_webrtc/ios`)
  - path_provider_foundation (from `.symlinks/plugins/path_provider_foundation/darwin`)

SPEC REPOS:
  trunk:
    - WebRTC-SDK

EXTERNAL SOURCES:
  Flutter:
    :path: Flutter
  flutter_webrtc:
    :path: ".symlinks/plugins/flutter_webrtc/ios"
  path_provider_foundation:
    :path: ".symlinks/plugins/path_provider_foundation/darwin"

SPEC CHECKSUMS:
  Flutter: e0871f40cf51350855a761d2e70bf5af5b9b5de7
  flutter_webrtc: 650df6cdb619eb2258592215152764a2f7ada422
  path_provider_foundation: 2b6b4c569c0fb62ec74538f866245ac84301af46
  WebRTC-SDK: d20de357dcbf7c9696b124b39f3ff62125107e4b

PODFILE CHECKSUM: 4305caec6b40dde0ae97be1573c53de1882a07e5

COCOAPODS: 1.16.2
